# Generated by pub
# See http://pub.dartlang.org/doc/glossary.html#lockfile
packages:
  browser:
    description: browser
    source: hosted
    version: "0.6.19"
  dartemis:
    description: dartemis
    source: hosted
    version: "0.4.2"
  dartemis_toolbox:
    description: dartemis_toolbox
    source: hosted
    version: "0.4.0"
  vector_math:
    description: vector_math
    source: hosted
    version: "1.3.5"
